{
  "lockfileVersion": 1,
  "dependencies": {
    "aj-code": {
      "version": "1.0.0",
      "resolved": "https://registry.npmjs.org/aj-code/-/aj-code-1.0.0.tgz",
      "integrity": "sha512-kNq76JwDUh74DQafdky/Zx3eYUx2k8jAyRWtvV5PqHf5cQQ4PLVXcknnDsz305k/1GMBcL1VYdA4RJhdO+g8UQ=="
    }
  },
  "version": "1.0.4"
}
